// !$*UTF8*$!
{
	archiveVersion = 1;
	classes = {
	};
	objectVersion = 48;
	objects = {

/* Begin PBXBuildFile section */
		1651D8B81FCEF34A00E42AEB /* PopUpViewController.swift in Sources */ = {isa = PBXBuildFile; fileRef = 1651D8B71FCEF34A00E42AEB /* PopUpViewController.swift */; };
		165CAF921FBF60F000A25079 /* QAViewController.swift in Sources */ = {isa = PBXBuildFile; fileRef = 165CAF911FBF60F000A25079 /* QAViewController.swift */; };
		165CAF961FBF680600A25079 /* Assets.xcassets in Resources */ = {isa = PBXBuildFile; fileRef = 165CAF951FBF680600A25079 /* Assets.xcassets */; };
		16746B091FBCCE7D0086650B /* AppDelegate.swift in Sources */ = {isa = PBXBuildFile; fileRef = 16746B081FBCCE7D0086650B /* AppDelegate.swift */; };
		16746B0B1FBCCE7D0086650B /* ViewController.swift in Sources */ = {isa = PBXBuildFile; fileRef = 16746B0A1FBCCE7D0086650B /* ViewController.swift */; };
		16746B0E1FBCCE7D0086650B /* Main.storyboard in Resources */ = {isa = PBXBuildFile; fileRef = 16746B0C1FBCCE7D0086650B /* Main.storyboard */; };
		16746B131FBCCE7D0086650B /* LaunchScreen.storyboard in Resources */ = {isa = PBXBuildFile; fileRef = 16746B111FBCCE7D0086650B /* LaunchScreen.storyboard */; };
		16746B1E1FBCCE7D0086650B /* QuizAppTests.swift in Sources */ = {isa = PBXBuildFile; fileRef = 16746B1D1FBCCE7D0086650B /* QuizAppTests.swift */; };
		16746B291FBCCE7E0086650B /* QuizAppUITests.swift in Sources */ = {isa = PBXBuildFile; fileRef = 16746B281FBCCE7E0086650B /* QuizAppUITests.swift */; };
		67118EBE26A0784F0021C143 /* Default-568h@2x.png in Resources */ = {isa = PBXBuildFile; fileRef = 67118EBD26A0784E0021C143 /* Default-568h@2x.png */; };
/* End PBXBuildFile section */

/* Begin PBXContainerItemProxy section */
		16746B1A1FBCCE7D0086650B /* PBXContainerItemProxy */ = {
			isa = PBXContainerItemProxy;
			containerPortal = 16746AFD1FBCCE7D0086650B /* Project object */;
			proxyType = 1;
			remoteGlobalIDString = 16746B041FBCCE7D0086650B;
			remoteInfo = "ACT3-PickerView";
		};
		16746B251FBCCE7D0086650B /* PBXContainerItemProxy */ = {
			isa = PBXContainerItemProxy;
			containerPortal = 16746AFD1FBCCE7D0086650B /* Project object */;
			proxyType = 1;
			remoteGlobalIDString = 16746B041FBCCE7D0086650B;
			remoteInfo = "ACT3-PickerView";
		};
/* End PBXContainerItemProxy section */

/* Begin PBXFileReference section */
		1651D8B71FCEF34A00E42AEB /* PopUpViewController.swift */ = {isa = PBXFileReference; lastKnownFileType = sourcecode.swift; path = PopUpViewController.swift; sourceTree = "<group>"; };
		165CAF911FBF60F000A25079 /* QAViewController.swift */ = {isa = PBXFileReference; lastKnownFileType = sourcecode.swift; path = QAViewController.swift; sourceTree = "<group>"; };
		165CAF951FBF680600A25079 /* Assets.xcassets */ = {isa = PBXFileReference; lastKnownFileType = folder.assetcatalog; path = Assets.xcassets; sourceTree = "<group>"; };
		16746B051FBCCE7D0086650B /* QuizApp.app */ = {isa = PBXFileReference; explicitFileType = wrapper.application; includeInIndex = 0; path = QuizApp.app; sourceTree = BUILT_PRODUCTS_DIR; };
		16746B081FBCCE7D0086650B /* AppDelegate.swift */ = {isa = PBXFileReference; lastKnownFileType = sourcecode.swift; path = AppDelegate.swift; sourceTree = "<group>"; };
		16746B0A1FBCCE7D0086650B /* ViewController.swift */ = {isa = PBXFileReference; lastKnownFileType = sourcecode.swift; path = ViewController.swift; sourceTree = "<group>"; };
		16746B0D1FBCCE7D0086650B /* Base */ = {isa = PBXFileReference; lastKnownFileType = file.storyboard; name = Base; path = Base.lproj/Main.storyboard; sourceTree = "<group>"; };
		16746B121FBCCE7D0086650B /* Base */ = {isa = PBXFileReference; lastKnownFileType = file.storyboard; name = Base; path = Base.lproj/LaunchScreen.storyboard; sourceTree = "<group>"; };
		16746B141FBCCE7D0086650B /* Info.plist */ = {isa = PBXFileReference; lastKnownFileType = text.plist.xml; path = Info.plist; sourceTree = "<group>"; };
		16746B191FBCCE7D0086650B /* QuizAppTests.xctest */ = {isa = PBXFileReference; explicitFileType = wrapper.cfbundle; includeInIndex = 0; path = QuizAppTests.xctest; sourceTree = BUILT_PRODUCTS_DIR; };
		16746B1D1FBCCE7D0086650B /* QuizAppTests.swift */ = {isa = PBXFileReference; lastKnownFileType = sourcecode.swift; path = QuizAppTests.swift; sourceTree = "<group>"; };
		16746B1F1FBCCE7D0086650B /* Info.plist */ = {isa = PBXFileReference; lastKnownFileType = text.plist.xml; path = Info.plist; sourceTree = "<group>"; };
		16746B241FBCCE7D0086650B /* QuizAppUITests.xctest */ = {isa = PBXFileReference; explicitFileType = wrapper.cfbundle; includeInIndex = 0; path = QuizAppUITests.xctest; sourceTree = BUILT_PRODUCTS_DIR; };
		16746B281FBCCE7E0086650B /* QuizAppUITests.swift */ = {isa = PBXFileReference; lastKnownFileType = sourcecode.swift; path = QuizAppUITests.swift; sourceTree = "<group>"; };
		16746B2A1FBCCE7E0086650B /* Info.plist */ = {isa = PBXFileReference; lastKnownFileType = text.plist.xml; path = Info.plist; sourceTree = "<group>"; };
		67118EBD26A0784E0021C143 /* Default-568h@2x.png */ = {isa = PBXFileReference; lastKnownFileType = image.png; path = "Default-568h@2x.png"; sourceTree = "<group>"; };
/* End PBXFileReference section */

/* Begin PBXFrameworksBuildPhase section */
		16746B021FBCCE7D0086650B /* Frameworks */ = {
			isa = PBXFrameworksBuildPhase;
			buildActionMask = 2147483647;
			files = (
			);
			runOnlyForDeploymentPostprocessing = 0;
		};
		16746B161FBCCE7D0086650B /* Frameworks */ = {
			isa = PBXFrameworksBuildPhase;
			buildActionMask = 2147483647;
			files = (
			);
			runOnlyForDeploymentPostprocessing = 0;
		};
		16746B211FBCCE7D0086650B /* Frameworks */ = {
			isa = PBXFrameworksBuildPhase;
			buildActionMask = 2147483647;
			files = (
			);
			runOnlyForDeploymentPostprocessing = 0;
		};
/* End PBXFrameworksBuildPhase section */

/* Begin PBXGroup section */
		16746AFC1FBCCE7D0086650B = {
			isa = PBXGroup;
			children = (
				67118EBD26A0784E0021C143 /* Default-568h@2x.png */,
				16746B071FBCCE7D0086650B /* QuizApp */,
				16746B1C1FBCCE7D0086650B /* QuizAppTests */,
				16746B271FBCCE7E0086650B /* QuizAppUITests */,
				16746B061FBCCE7D0086650B /* Products */,
			);
			sourceTree = "<group>";
		};
		16746B061FBCCE7D0086650B /* Products */ = {
			isa = PBXGroup;
			children = (
				16746B051FBCCE7D0086650B /* QuizApp.app */,
				16746B191FBCCE7D0086650B /* QuizAppTests.xctest */,
				16746B241FBCCE7D0086650B /* QuizAppUITests.xctest */,
			);
			name = Products;
			sourceTree = "<group>";
		};
		16746B071FBCCE7D0086650B /* QuizApp */ = {
			isa = PBXGroup;
			children = (
				165CAF951FBF680600A25079 /* Assets.xcassets */,
				16746B081FBCCE7D0086650B /* AppDelegate.swift */,
				16746B0A1FBCCE7D0086650B /* ViewController.swift */,
				16746B0C1FBCCE7D0086650B /* Main.storyboard */,
				16746B111FBCCE7D0086650B /* LaunchScreen.storyboard */,
				16746B141FBCCE7D0086650B /* Info.plist */,
				165CAF911FBF60F000A25079 /* QAViewController.swift */,
				1651D8B71FCEF34A00E42AEB /* PopUpViewController.swift */,
			);
			path = QuizApp;
			sourceTree = "<group>";
		};
		16746B1C1FBCCE7D0086650B /* QuizAppTests */ = {
			isa = PBXGroup;
			children = (
				16746B1D1FBCCE7D0086650B /* QuizAppTests.swift */,
				16746B1F1FBCCE7D0086650B /* Info.plist */,
			);
			path = QuizAppTests;
			sourceTree = "<group>";
		};
		16746B271FBCCE7E0086650B /* QuizAppUITests */ = {
			isa = PBXGroup;
			children = (
				16746B281FBCCE7E0086650B /* QuizAppUITests.swift */,
				16746B2A1FBCCE7E0086650B /* Info.plist */,
			);
			path = QuizAppUITests;
			sourceTree = "<group>";
		};
/* End PBXGroup section */

/* Begin PBXNativeTarget section */
		16746B041FBCCE7D0086650B /* QuizApp */ = {
			isa = PBXNativeTarget;
			buildConfigurationList = 16746B2D1FBCCE7E0086650B /* Build configuration list for PBXNativeTarget "QuizApp" */;
			buildPhases = (
				16746B011FBCCE7D0086650B /* Sources */,
				16746B021FBCCE7D0086650B /* Frameworks */,
				16746B031FBCCE7D0086650B /* Resources */,
			);
			buildRules = (
			);
			dependencies = (
			);
			name = QuizApp;
			productName = "ACT3-PickerView";
			productReference = 16746B051FBCCE7D0086650B /* QuizApp.app */;
			productType = "com.apple.product-type.application";
		};
		16746B181FBCCE7D0086650B /* QuizAppTests */ = {
			isa = PBXNativeTarget;
			buildConfigurationList = 16746B301FBCCE7E0086650B /* Build configuration list for PBXNativeTarget "QuizAppTests" */;
			buildPhases = (
				16746B151FBCCE7D0086650B /* Sources */,
				16746B161FBCCE7D0086650B /* Frameworks */,
				16746B171FBCCE7D0086650B /* Resources */,
			);
			buildRules = (
			);
			dependencies = (
				16746B1B1FBCCE7D0086650B /* PBXTargetDependency */,
			);
			name = QuizAppTests;
			productName = "ACT3-PickerViewTests";
			productReference = 16746B191FBCCE7D0086650B /* QuizAppTests.xctest */;
			productType = "com.apple.product-type.bundle.unit-test";
		};
		16746B231FBCCE7D0086650B /* QuizAppUITests */ = {
			isa = PBXNativeTarget;
			buildConfigurationList = 16746B331FBCCE7E0086650B /* Build configuration list for PBXNativeTarget "QuizAppUITests" */;
			buildPhases = (
				16746B201FBCCE7D0086650B /* Sources */,
				16746B211FBCCE7D0086650B /* Frameworks */,
				16746B221FBCCE7D0086650B /* Resources */,
			);
			buildRules = (
			);
			dependencies = (
				16746B261FBCCE7D0086650B /* PBXTargetDependency */,
			);
			name = QuizAppUITests;
			productName = "ACT3-PickerViewUITests";
			productReference = 16746B241FBCCE7D0086650B /* QuizAppUITests.xctest */;
			productType = "com.apple.product-type.bundle.ui-testing";
		};
/* End PBXNativeTarget section */

/* Begin PBXProject section */
		16746AFD1FBCCE7D0086650B /* Project object */ = {
			isa = PBXProject;
			attributes = {
				LastSwiftUpdateCheck = 0910;
				LastUpgradeCheck = 1130;
				ORGANIZATIONNAME = "Uri Ventura";
				TargetAttributes = {
					16746B041FBCCE7D0086650B = {
						CreatedOnToolsVersion = 9.1;
						LastSwiftMigration = 0910;
						ProvisioningStyle = Automatic;
					};
					16746B181FBCCE7D0086650B = {
						CreatedOnToolsVersion = 9.1;
						ProvisioningStyle = Automatic;
						TestTargetID = 16746B041FBCCE7D0086650B;
					};
					16746B231FBCCE7D0086650B = {
						CreatedOnToolsVersion = 9.1;
						ProvisioningStyle = Automatic;
						TestTargetID = 16746B041FBCCE7D0086650B;
					};
				};
			};
			buildConfigurationList = 16746B001FBCCE7D0086650B /* Build configuration list for PBXProject "QuizApp" */;
			compatibilityVersion = "Xcode 8.0";
			developmentRegion = en;
			hasScannedForEncodings = 0;
			knownRegions = (
				en,
				Base,
			);
			mainGroup = 16746AFC1FBCCE7D0086650B;
			productRefGroup = 16746B061FBCCE7D0086650B /* Products */;
			projectDirPath = "";
			projectRoot = "";
			targets = (
				16746B041FBCCE7D0086650B /* QuizApp */,
				16746B181FBCCE7D0086650B /* QuizAppTests */,
				16746B231FBCCE7D0086650B /* QuizAppUITests */,
			);
		};
/* End PBXProject section */

/* Begin PBXResourcesBuildPhase section */
		16746B031FBCCE7D0086650B /* Resources */ = {
			isa = PBXResourcesBuildPhase;
			buildActionMask = 2147483647;
			files = (
				16746B131FBCCE7D0086650B /* LaunchScreen.storyboard in Resources */,
				67118EBE26A0784F0021C143 /* Default-568h@2x.png in Resources */,
				165CAF961FBF680600A25079 /* Assets.xcassets in Resources */,
				16746B0E1FBCCE7D0086650B /* Main.storyboard in Resources */,
			);
			runOnlyForDeploymentPostprocessing = 0;
		};
		16746B171FBCCE7D0086650B /* Resources */ = {
			isa = PBXResourcesBuildPhase;
			buildActionMask = 2147483647;
			files = (
			);
			runOnlyForDeploymentPostprocessing = 0;
		};
		16746B221FBCCE7D0086650B /* Resources */ = {
			isa = PBXResourcesBuildPhase;
			buildActionMask = 2147483647;
			files = (
			);
			runOnlyForDeploymentPostprocessing = 0;
		};
/* End PBXResourcesBuildPhase section */

/* Begin PBXSourcesBuildPhase section */
		16746B011FBCCE7D0086650B /* Sources */ = {
			isa = PBXSourcesBuildPhase;
			buildActionMask = 2147483647;
			files = (
				16746B0B1FBCCE7D0086650B /* ViewController.swift in Sources */,
				165CAF921FBF60F000A25079 /* QAViewController.swift in Sources */,
				16746B091FBCCE7D0086650B /* AppDelegate.swift in Sources */,
				1651D8B81FCEF34A00E42AEB /* PopUpViewController.swift in Sources */,
			);
			runOnlyForDeploymentPostprocessing = 0;
		};
		16746B151FBCCE7D0086650B /* Sources */ = {
			isa = PBXSourcesBuildPhase;
			buildActionMask = 2147483647;
			files = (
				16746B1E1FBCCE7D0086650B /* QuizAppTests.swift in Sources */,
			);
			runOnlyForDeploymentPostprocessing = 0;
		};
		16746B201FBCCE7D0086650B /* Sources */ = {
			isa = PBXSourcesBuildPhase;
			buildActionMask = 2147483647;
			files = (
				16746B291FBCCE7E0086650B /* QuizAppUITests.swift in Sources */,
			);
			runOnlyForDeploymentPostprocessing = 0;
		};
/* End PBXSourcesBuildPhase section */

/* Begin PBXTargetDependency section */
		16746B1B1FBCCE7D0086650B /* PBXTargetDependency */ = {
			isa = PBXTargetDependency;
			target = 16746B041FBCCE7D0086650B /* QuizApp */;
			targetProxy = 16746B1A1FBCCE7D0086650B /* PBXContainerItemProxy */;
		};
		16746B261FBCCE7D0086650B /* PBXTargetDependency */ = {
			isa = PBXTargetDependency;
			target = 16746B041FBCCE7D0086650B /* QuizApp */;
			targetProxy = 16746B251FBCCE7D0086650B /* PBXContainerItemProxy */;
		};
/* End PBXTargetDependency section */

/* Begin PBXVariantGroup section */
		16746B0C1FBCCE7D0086650B /* Main.storyboard */ = {
			isa = PBXVariantGroup;
			children = (
				16746B0D1FBCCE7D0086650B /* Base */,
			);
			name = Main.storyboard;
			sourceTree = "<group>";
		};
		16746B111FBCCE7D0086650B /* LaunchScreen.storyboard */ = {
			isa = PBXVariantGroup;
			children = (
				16746B121FBCCE7D0086650B /* Base */,
			);
			name = LaunchScreen.storyboard;
			sourceTree = "<group>";
		};
/* End PBXVariantGroup section */

/* Begin XCBuildConfiguration section */
		16746B2B1FBCCE7E0086650B /* Debug */ = {
			isa = XCBuildConfiguration;
			buildSettings = {
				ALWAYS_SEARCH_USER_PATHS = NO;
				CLANG_ANALYZER_NONNULL = YES;
				CLANG_ANALYZER_NUMBER_OBJECT_CONVERSION = YES_AGGRESSIVE;
				CLANG_CXX_LANGUAGE_STANDARD = "gnu++14";
				CLANG_CXX_LIBRARY = "libc++";
				CLANG_ENABLE_MODULES = YES;
				CLANG_ENABLE_OBJC_ARC = YES;
				CLANG_WARN_BLOCK_CAPTURE_AUTORELEASING = YES;
				CLANG_WARN_BOOL_CONVERSION = YES;
				CLANG_WARN_COMMA = YES;
				CLANG_WARN_CONSTANT_CONVERSION = YES;
				CLANG_WARN_DEPRECATED_OBJC_IMPLEMENTATIONS = YES;
				CLANG_WARN_DIRECT_OBJC_ISA_USAGE = YES_ERROR;
				CLANG_WARN_DOCUMENTATION_COMMENTS = YES;
				CLANG_WARN_EMPTY_BODY = YES;
				CLANG_WARN_ENUM_CONVERSION = YES;
				CLANG_WARN_INFINITE_RECURSION = YES;
				CLANG_WARN_INT_CONVERSION = YES;
				CLANG_WARN_NON_LITERAL_NULL_CONVERSION = YES;
				CLANG_WARN_OBJC_IMPLICIT_RETAIN_SELF = YES;
				CLANG_WARN_OBJC_LITERAL_CONVERSION = YES;
				CLANG_WARN_OBJC_ROOT_CLASS = YES_ERROR;
				CLANG_WARN_RANGE_LOOP_ANALYSIS = YES;
				CLANG_WARN_STRICT_PROTOTYPES = YES;
				CLANG_WARN_SUSPICIOUS_MOVE = YES;
				CLANG_WARN_UNGUARDED_AVAILABILITY = YES_AGGRESSIVE;
				CLANG_WARN_UNREACHABLE_CODE = YES;
				CLANG_WARN__DUPLICATE_METHOD_MATCH = YES;
				CODE_SIGN_IDENTITY = "iPhone Developer";
				COPY_PHASE_STRIP = NO;
				DEBUG_INFORMATION_FORMAT = dwarf;
				ENABLE_STRICT_OBJC_MSGSEND = YES;
				ENABLE_TESTABILITY = YES;
				GCC_C_LANGUAGE_STANDARD = gnu11;
				GCC_DYNAMIC_NO_PIC = NO;
				GCC_NO_COMMON_BLOCKS = YES;
				GCC_OPTIMIZATION_LEVEL = 0;
				GCC_PREPROCESSOR_DEFINITIONS = (
					"DEBUG=1",
					"$(inherited)",
				);
				GCC_WARN_64_TO_32_BIT_CONVERSION = YES;
				GCC_WARN_ABOUT_RETURN_TYPE = YES_ERROR;
				GCC_WARN_UNDECLARED_SELECTOR = YES;
				GCC_WARN_UNINITIALIZED_AUTOS = YES_AGGRESSIVE;
				GCC_WARN_UNUSED_FUNCTION = YES;
				GCC_WARN_UNUSED_VARIABLE = YES;
				IPHONEOS_DEPLOYMENT_TARGET = 11.1;
				MTL_ENABLE_DEBUG_INFO = YES;
				ONLY_ACTIVE_ARCH = YES;
				SDKROOT = iphoneos;
				SWIFT_ACTIVE_COMPILATION_CONDITIONS = DEBUG;
				SWIFT_OPTIMIZATION_LEVEL = "-Onone";
			};
			name = Debug;
		};
		16746B2C1FBCCE7E0086650B /* Release */ = {
			isa = XCBuildConfiguration;
			buildSettings = {
				ALWAYS_SEARCH_USER_PATHS = NO;
				CLANG_ANALYZER_NONNULL = YES;
				CLANG_ANALYZER_NUMBER_OBJECT_CONVERSION = YES_AGGRESSIVE;
				CLANG_CXX_LANGUAGE_STANDARD = "gnu++14";
				CLANG_CXX_LIBRARY = "libc++";
				CLANG_ENABLE_MODULES = YES;
				CLANG_ENABLE_OBJC_ARC = YES;
				CLANG_WARN_BLOCK_CAPTURE_AUTORELEASING = YES;
				CLANG_WARN_BOOL_CONVERSION = YES;
				CLANG_WARN_COMMA = YES;
				CLANG_WARN_CONSTANT_CONVERSION = YES;
				CLANG_WARN_DEPRECATED_OBJC_IMPLEMENTATIONS = YES;
				CLANG_WARN_DIRECT_OBJC_ISA_USAGE = YES_ERROR;
				CLANG_WARN_DOCUMENTATION_COMMENTS = YES;
				CLANG_WARN_EMPTY_BODY = YES;
				CLANG_WARN_ENUM_CONVERSION = YES;
				CLANG_WARN_INFINITE_RECURSION = YES;
				CLANG_WARN_INT_CONVERSION = YES;
				CLANG_WARN_NON_LITERAL_NULL_CONVERSION = YES;
				CLANG_WARN_OBJC_IMPLICIT_RETAIN_SELF = YES;
				CLANG_WARN_OBJC_LITERAL_CONVERSION = YES;
				CLANG_WARN_OBJC_ROOT_CLASS = YES_ERROR;
				CLANG_WARN_RANGE_LOOP_ANALYSIS = YES;
				CLANG_WARN_STRICT_PROTOTYPES = YES;
				CLANG_WARN_SUSPICIOUS_MOVE = YES;
				CLANG_WARN_UNGUARDED_AVAILABILITY = YES_AGGRESSIVE;
				CLANG_WARN_UNREACHABLE_CODE = YES;
				CLANG_WARN__DUPLICATE_METHOD_MATCH = YES;
				CODE_SIGN_IDENTITY = "iPhone Developer";
				COPY_PHASE_STRIP = NO;
				DEBUG_INFORMATION_FORMAT = "dwarf-with-dsym";
				ENABLE_NS_ASSERTIONS = NO;
				ENABLE_STRICT_OBJC_MSGSEND = YES;
				GCC_C_LANGUAGE_STANDARD = gnu11;
				GCC_NO_COMMON_BLOCKS = YES;
				GCC_WARN_64_TO_32_BIT_CONVERSION = YES;
				GCC_WARN_ABOUT_RETURN_TYPE = YES_ERROR;
				GCC_WARN_UNDECLARED_SELECTOR = YES;
				GCC_WARN_UNINITIALIZED_AUTOS = YES_AGGRESSIVE;
				GCC_WARN_UNUSED_FUNCTION = YES;
				GCC_WARN_UNUSED_VARIABLE = YES;
				IPHONEOS_DEPLOYMENT_TARGET = 11.1;
				MTL_ENABLE_DEBUG_INFO = NO;
				SDKROOT = iphoneos;
				SWIFT_OPTIMIZATION_LEVEL = "-Owholemodule";
				VALIDATE_PRODUCT = YES;
			};
			name = Release;
		};
		16746B2E1FBCCE7E0086650B /* Debug */ = {
			isa = XCBuildConfiguration;
			buildSettings = {
				ASSETCATALOG_COMPILER_APPICON_NAME = AppIcon;
				CLANG_ENABLE_MODULES = YES;
				CODE_SIGN_STYLE = Automatic;
				DEVELOPMENT_TEAM = 26U28CZJTX;
				INFOPLIST_FILE = QuizApp/Info.plist;
				LD_RUNPATH_SEARCH_PATHS = "$(inherited) @executable_path/Frameworks";
				PRODUCT_BUNDLE_IDENTIFIER = com.uriventura.QuizApp;
				PRODUCT_NAME = QuizApp;
				SWIFT_OBJC_BRIDGING_HEADER = "QuizApp/QuizApp-Bridging-Header.h";
				SWIFT_OPTIMIZATION_LEVEL = "-Onone";
				SWIFT_VERSION = 4.0;
				TARGETED_DEVICE_FAMILY = "1,2";
			};
			name = Debug;
		};
		16746B2F1FBCCE7E0086650B /* Release */ = {
			isa = XCBuildConfiguration;
			buildSettings = {
				ASSETCATALOG_COMPILER_APPICON_NAME = AppIcon;
				CLANG_ENABLE_MODULES = YES;
				CODE_SIGN_STYLE = Automatic;
				DEVELOPMENT_TEAM = 26U28CZJTX;
				INFOPLIST_FILE = QuizApp/Info.plist;
				LD_RUNPATH_SEARCH_PATHS = "$(inherited) @executable_path/Frameworks";
				PRODUCT_BUNDLE_IDENTIFIER = com.uriventura.QuizApp;
				PRODUCT_NAME = QuizApp;
				SWIFT_OBJC_BRIDGING_HEADER = "QuizApp/QuizApp-Bridging-Header.h";
				SWIFT_VERSION = 4.0;
				TARGETED_DEVICE_FAMILY = "1,2";
			};
			name = Release;
		};
		16746B311FBCCE7E0086650B /* Debug */ = {
			isa = XCBuildConfiguration;
			buildSettings = {
				ALWAYS_EMBED_SWIFT_STANDARD_LIBRARIES = YES;
				BUNDLE_LOADER = "$(TEST_HOST)";
				CODE_SIGN_STYLE = Automatic;
				DEVELOPMENT_TEAM = 26U28CZJTX;
				INFOPLIST_FILE = QuizApp/Info.plist;
				LD_RUNPATH_SEARCH_PATHS = "$(inherited) @executable_path/Frameworks @loader_path/Frameworks";
				PRODUCT_BUNDLE_IDENTIFIER = com.uriventura.QuizAppTests;
				PRODUCT_NAME = "$(TARGET_NAME)";
				SWIFT_VERSION = 4.0;
				TARGETED_DEVICE_FAMILY = "1,2";
				TEST_HOST = "$(BUILT_PRODUCTS_DIR)/QuizApp.app/QuizApp";
			};
			name = Debug;
		};
		16746B321FBCCE7E0086650B /* Release */ = {
			isa = XCBuildConfiguration;
			buildSettings = {
				ALWAYS_EMBED_SWIFT_STANDARD_LIBRARIES = YES;
				BUNDLE_LOADER = "$(TEST_HOST)";
				CODE_SIGN_STYLE = Automatic;
				DEVELOPMENT_TEAM = 26U28CZJTX;
				INFOPLIST_FILE = QuizApp/Info.plist;
				LD_RUNPATH_SEARCH_PATHS = "$(inherited) @executable_path/Frameworks @loader_path/Frameworks";
				PRODUCT_BUNDLE_IDENTIFIER = com.uriventura.QuizAppTests;
				PRODUCT_NAME = "$(TARGET_NAME)";
				SWIFT_VERSION = 4.0;
				TARGETED_DEVICE_FAMILY = "1,2";
				TEST_HOST = "$(BUILT_PRODUCTS_DIR)/QuizApp.app/QuizApp";
			};
			name = Release;
		};
		16746B341FBCCE7E0086650B /* Debug */ = {
			isa = XCBuildConfiguration;
			buildSettings = {
				ALWAYS_EMBED_SWIFT_STANDARD_LIBRARIES = YES;
				CODE_SIGN_STYLE = Automatic;
				DEVELOPMENT_TEAM = 26U28CZJTX;
				INFOPLIST_FILE = QuizAppUITests/Info.plist;
				LD_RUNPATH_SEARCH_PATHS = "$(inherited) @executable_path/Frameworks @loader_path/Frameworks";
				PRODUCT_BUNDLE_IDENTIFIER = com.uriventura.QuizAppUITests;
				PRODUCT_NAME = "$(TARGET_NAME)";
				SWIFT_VERSION = 4.0;
				TARGETED_DEVICE_FAMILY = "1,2";
				TEST_TARGET_NAME = QuizApp;
			};
			name = Debug;
		};
		16746B351FBCCE7E0086650B /* Release */ = {
			isa = XCBuildConfiguration;
			buildSettings = {
				ALWAYS_EMBED_SWIFT_STANDARD_LIBRARIES = YES;
				CODE_SIGN_STYLE = Automatic;
				DEVELOPMENT_TEAM = 26U28CZJTX;
				INFOPLIST_FILE = QuizAppUITests/Info.plist;
				LD_RUNPATH_SEARCH_PATHS = "$(inherited) @executable_path/Frameworks @loader_path/Frameworks";
				PRODUCT_BUNDLE_IDENTIFIER = com.uriventura.QuizAppUITests;
				PRODUCT_NAME = "$(TARGET_NAME)";
				SWIFT_VERSION = 4.0;
				TARGETED_DEVICE_FAMILY = "1,2";
				TEST_TARGET_NAME = QuizApp;
			};
			name = Release;
		};
/* End XCBuildConfiguration section */

/* Begin XCConfigurationList section */
		16746B001FBCCE7D0086650B /* Build configuration list for PBXProject "QuizApp" */ = {
			isa = XCConfigurationList;
			buildConfigurations = (
				16746B2B1FBCCE7E0086650B /* Debug */,
				16746B2C1FBCCE7E0086650B /* Release */,
			);
			defaultConfigurationIsVisible = 0;
			defaultConfigurationName = Release;
		};
		16746B2D1FBCCE7E0086650B /* Build configuration list for PBXNativeTarget "QuizApp" */ = {
			isa = XCConfigurationList;
			buildConfigurations = (
				16746B2E1FBCCE7E0086650B /* Debug */,
				16746B2F1FBCCE7E0086650B /* Release */,
			);
			defaultConfigurationIsVisible = 0;
			defaultConfigurationName = Release;
		};
		16746B301FBCCE7E0086650B /* Build configuration list for PBXNativeTarget "QuizAppTests" */ = {
			isa = XCConfigurationList;
			buildConfigurations = (
				16746B311FBCCE7E0086650B /* Debug */,
				16746B321FBCCE7E0086650B /* Release */,
			);
			defaultConfigurationIsVisible = 0;
			defaultConfigurationName = Release;
		};
		16746B331FBCCE7E0086650B /* Build configuration list for PBXNativeTarget "QuizAppUITests" */ = {
			isa = XCConfigurationList;
			buildConfigurations = (
				16746B341FBCCE7E0086650B /* Debug */,
				16746B351FBCCE7E0086650B /* Release */,
			);
			defaultConfigurationIsVisible = 0;
			defaultConfigurationName = Release;
		};
/* End XCConfigurationList section */
	};
	rootObject = 16746AFD1FBCCE7D0086650B /* Project object */;
}
